
Microsoft Visual Studio Solution File, Format Version 12.00
# Visual Studio Version 17
VisualStudioVersion = 17.3.32901.215
MinimumVisualStudioVersion = 10.0.40219.1
Project("{8BC9CEB8-8B4A-11D0-8D11-00A0C91BC942}") = "Servidor", "Servidor\Servidor.vcxproj", "{C89E8587-AC3A-49C1-823B-66D6326478A1}"
EndProject
Project("{8BC9CEB8-8B4A-11D0-8D11-00A0C91BC942}") = "Cliente", "Cliente\Cliente.vcxproj", "{0FB1DE3E-AEAF-4E57-9F2B-9F7779543E7A}"
EndProject
Global
	GlobalSection(SolutionConfigurationPlatforms) = preSolution
		Debug|x64 = Debug|x64
		Debug|x86 = Debug|x86
		Release|x64 = Release|x64
		Release|x86 = Release|x86
	EndGlobalSection
	GlobalSection(ProjectConfigurationPlatforms) = postSolution
		{C89E8587-AC3A-49C1-823B-66D6326478A1}.Debug|x64.ActiveCfg = Debug|x64
		{C89E8587-AC3A-49C1-823B-66D6326478A1}.Debug|x64.Build.0 = Debug|x64
		{C89E8587-AC3A-49C1-823B-66D6326478A1}.Debug|x86.ActiveCfg = Debug|Win32
		{C89E8587-AC3A-49C1-823B-66D6326478A1}.Debug|x86.Build.0 = Debug|Win32
		{C89E8587-AC3A-49C1-823B-66D6326478A1}.Release|x64.ActiveCfg = Release|x64
		{C89E8587-AC3A-49C1-823B-66D6326478A1}.Release|x64.Build.0 = Release|x64
		{C89E8587-AC3A-49C1-823B-66D6326478A1}.Release|x86.ActiveCfg = Release|Win32
		{C89E8587-AC3A-49C1-823B-66D6326478A1}.Release|x86.Build.0 = Release|Win32
		{0FB1DE3E-AEAF-4E57-9F2B-9F7779543E7A}.Debug|x64.ActiveCfg = Debug|x64
		{0FB1DE3E-AEAF-4E57-9F2B-9F7779543E7A}.Debug|x64.Build.0 = Debug|x64
		{0FB1DE3E-AEAF-4E57-9F2B-9F7779543E7A}.Debug|x86.ActiveCfg = Debug|Win32
		{0FB1DE3E-AEAF-4E57-9F2B-9F7779543E7A}.Debug|x86.Build.0 = Debug|Win32
		{0FB1DE3E-AEAF-4E57-9F2B-9F7779543E7A}.Release|x64.ActiveCfg = Release|x64
		{0FB1DE3E-AEAF-4E57-9F2B-9F7779543E7A}.Release|x64.Build.0 = Release|x64
		{0FB1DE3E-AEAF-4E57-9F2B-9F7779543E7A}.Release|x86.ActiveCfg = Release|Win32
		{0FB1DE3E-AEAF-4E57-9F2B-9F7779543E7A}.Release|x86.Build.0 = Release|Win32
	EndGlobalSection
	GlobalSection(SolutionProperties) = preSolution
		HideSolutionNode = FALSE
	EndGlobalSection
	GlobalSection(ExtensibilityGlobals) = postSolution
		SolutionGuid = {5D3A35A0-AC25-4C95-96A3-6F2CFDC3F49E}
	EndGlobalSection
EndGlobal
